
Microsoft Visual Studio Solution File, Format Version 12.00
# Visual Studio 2013
VisualStudioVersion = 12.0.31101.0
MinimumVisualStudioVersion = 10.0.40219.1
Project("{FAE04EC0-301F-11D3-BF4B-00C04F79EFBC}") = "Trading", "..\Trading\Trading.csproj", "{2262A0E6-AD66-40AE-A11F-C41343CFDAAC}"
EndProject
Project("{FAE04EC0-301F-11D3-BF4B-00C04F79EFBC}") = "Automation", "..\Automation\Automation.csproj", "{0396C30D-2855-4C23-BAE4-99F5093171D0}"
EndProject
Project("{FAE04EC0-301F-11D3-BF4B-00C04F79EFBC}") = "PrismCustomRegionAdapter", "..\PrismCustomRegionAdapter\PrismCustomRegionAdapter.csproj", "{92788C3D-CAE9-40F6-BB70-F726C391863B}"
EndProject
Project("{FAE04EC0-301F-11D3-BF4B-00C04F79EFBC}") = "CBTest", "..\XKeysTryout\CBTest\CBTest.csproj", "{B33F76A3-49F0-4210-AD52-BA47CF6BC5F4}"
EndProject
Project("{FAE04EC0-301F-11D3-BF4B-00C04F79EFBC}") = "WPFXKeys", "WPFXKeys\WPFXKeys.csproj", "{192D6FAD-6A03-4A54-951B-B61B086FFF37}"
EndProject
Project("{FAE04EC0-301F-11D3-BF4B-00C04F79EFBC}") = "WpfDragVisual", "WpfDragVisual\WpfDragVisual.csproj", "{46492860-FD20-494D-AA6F-7980E515CE85}"
EndProject
Project("{FAE04EC0-301F-11D3-BF4B-00C04F79EFBC}") = "MSFramework", "MSFramework\MSFramework.csproj", "{09AEF7B7-116C-469B-9337-6339CFD14825}"
EndProject
Global
	GlobalSection(SolutionConfigurationPlatforms) = preSolution
		Debug|Any CPU = Debug|Any CPU
		Debug|Mixed Platforms = Debug|Mixed Platforms
		Debug|x64 = Debug|x64
		Debug|x86 = Debug|x86
		Release|Any CPU = Release|Any CPU
		Release|Mixed Platforms = Release|Mixed Platforms
		Release|x64 = Release|x64
		Release|x86 = Release|x86
	EndGlobalSection
	GlobalSection(ProjectConfigurationPlatforms) = postSolution
		{2262A0E6-AD66-40AE-A11F-C41343CFDAAC}.Debug|Any CPU.ActiveCfg = Debug|x86
		{2262A0E6-AD66-40AE-A11F-C41343CFDAAC}.Debug|Mixed Platforms.ActiveCfg = Debug|x86
		{2262A0E6-AD66-40AE-A11F-C41343CFDAAC}.Debug|Mixed Platforms.Build.0 = Debug|x86
		{2262A0E6-AD66-40AE-A11F-C41343CFDAAC}.Debug|x64.ActiveCfg = Debug|x86
		{2262A0E6-AD66-40AE-A11F-C41343CFDAAC}.Debug|x86.ActiveCfg = Debug|x86
		{2262A0E6-AD66-40AE-A11F-C41343CFDAAC}.Debug|x86.Build.0 = Debug|x86
		{2262A0E6-AD66-40AE-A11F-C41343CFDAAC}.Release|Any CPU.ActiveCfg = Release|x86
		{2262A0E6-AD66-40AE-A11F-C41343CFDAAC}.Release|Mixed Platforms.ActiveCfg = Release|x86
		{2262A0E6-AD66-40AE-A11F-C41343CFDAAC}.Release|Mixed Platforms.Build.0 = Release|x86
		{2262A0E6-AD66-40AE-A11F-C41343CFDAAC}.Release|x64.ActiveCfg = Release|x86
		{2262A0E6-AD66-40AE-A11F-C41343CFDAAC}.Release|x86.ActiveCfg = Release|x86
		{2262A0E6-AD66-40AE-A11F-C41343CFDAAC}.Release|x86.Build.0 = Release|x86
		{0396C30D-2855-4C23-BAE4-99F5093171D0}.Debug|Any CPU.ActiveCfg = Debug|Any CPU
		{0396C30D-2855-4C23-BAE4-99F5093171D0}.Debug|Any CPU.Build.0 = Debug|Any CPU
		{0396C30D-2855-4C23-BAE4-99F5093171D0}.Debug|Mixed Platforms.ActiveCfg = Debug|Any CPU
		{0396C30D-2855-4C23-BAE4-99F5093171D0}.Debug|Mixed Platforms.Build.0 = Debug|Any CPU
		{0396C30D-2855-4C23-BAE4-99F5093171D0}.Debug|x64.ActiveCfg = Debug|Any CPU
		{0396C30D-2855-4C23-BAE4-99F5093171D0}.Debug|x86.ActiveCfg = Debug|Any CPU
		{0396C30D-2855-4C23-BAE4-99F5093171D0}.Release|Any CPU.ActiveCfg = Release|Any CPU
		{0396C30D-2855-4C23-BAE4-99F5093171D0}.Release|Any CPU.Build.0 = Release|Any CPU
		{0396C30D-2855-4C23-BAE4-99F5093171D0}.Release|Mixed Platforms.ActiveCfg = Release|Any CPU
		{0396C30D-2855-4C23-BAE4-99F5093171D0}.Release|Mixed Platforms.Build.0 = Release|Any CPU
		{0396C30D-2855-4C23-BAE4-99F5093171D0}.Release|x64.ActiveCfg = Release|Any CPU
		{0396C30D-2855-4C23-BAE4-99F5093171D0}.Release|x86.ActiveCfg = Release|Any CPU
		{92788C3D-CAE9-40F6-BB70-F726C391863B}.Debug|Any CPU.ActiveCfg = Debug|x86
		{92788C3D-CAE9-40F6-BB70-F726C391863B}.Debug|Mixed Platforms.ActiveCfg = Debug|x86
		{92788C3D-CAE9-40F6-BB70-F726C391863B}.Debug|Mixed Platforms.Build.0 = Debug|x86
		{92788C3D-CAE9-40F6-BB70-F726C391863B}.Debug|x64.ActiveCfg = Debug|x86
		{92788C3D-CAE9-40F6-BB70-F726C391863B}.Debug|x86.ActiveCfg = Debug|x86
		{92788C3D-CAE9-40F6-BB70-F726C391863B}.Debug|x86.Build.0 = Debug|x86
		{92788C3D-CAE9-40F6-BB70-F726C391863B}.Release|Any CPU.ActiveCfg = Release|x86
		{92788C3D-CAE9-40F6-BB70-F726C391863B}.Release|Mixed Platforms.ActiveCfg = Release|x86
		{92788C3D-CAE9-40F6-BB70-F726C391863B}.Release|Mixed Platforms.Build.0 = Release|x86
		{92788C3D-CAE9-40F6-BB70-F726C391863B}.Release|x64.ActiveCfg = Release|x86
		{92788C3D-CAE9-40F6-BB70-F726C391863B}.Release|x86.ActiveCfg = Release|x86
		{92788C3D-CAE9-40F6-BB70-F726C391863B}.Release|x86.Build.0 = Release|x86
		{B33F76A3-49F0-4210-AD52-BA47CF6BC5F4}.Debug|Any CPU.ActiveCfg = Debug|Any CPU
		{B33F76A3-49F0-4210-AD52-BA47CF6BC5F4}.Debug|Any CPU.Build.0 = Debug|Any CPU
		{B33F76A3-49F0-4210-AD52-BA47CF6BC5F4}.Debug|Mixed Platforms.ActiveCfg = Debug|Any CPU
		{B33F76A3-49F0-4210-AD52-BA47CF6BC5F4}.Debug|Mixed Platforms.Build.0 = Debug|Any CPU
		{B33F76A3-49F0-4210-AD52-BA47CF6BC5F4}.Debug|x64.ActiveCfg = Debug|x64
		{B33F76A3-49F0-4210-AD52-BA47CF6BC5F4}.Debug|x64.Build.0 = Debug|x64
		{B33F76A3-49F0-4210-AD52-BA47CF6BC5F4}.Debug|x86.ActiveCfg = Debug|Any CPU
		{B33F76A3-49F0-4210-AD52-BA47CF6BC5F4}.Release|Any CPU.ActiveCfg = Release|Any CPU
		{B33F76A3-49F0-4210-AD52-BA47CF6BC5F4}.Release|Any CPU.Build.0 = Release|Any CPU
		{B33F76A3-49F0-4210-AD52-BA47CF6BC5F4}.Release|Mixed Platforms.ActiveCfg = Release|Any CPU
		{B33F76A3-49F0-4210-AD52-BA47CF6BC5F4}.Release|Mixed Platforms.Build.0 = Release|Any CPU
		{B33F76A3-49F0-4210-AD52-BA47CF6BC5F4}.Release|x64.ActiveCfg = Release|x64
		{B33F76A3-49F0-4210-AD52-BA47CF6BC5F4}.Release|x64.Build.0 = Release|x64
		{B33F76A3-49F0-4210-AD52-BA47CF6BC5F4}.Release|x86.ActiveCfg = Release|Any CPU
		{192D6FAD-6A03-4A54-951B-B61B086FFF37}.Debug|Any CPU.ActiveCfg = Debug|Any CPU
		{192D6FAD-6A03-4A54-951B-B61B086FFF37}.Debug|Any CPU.Build.0 = Debug|Any CPU
		{192D6FAD-6A03-4A54-951B-B61B086FFF37}.Debug|Mixed Platforms.ActiveCfg = Debug|Any CPU
		{192D6FAD-6A03-4A54-951B-B61B086FFF37}.Debug|Mixed Platforms.Build.0 = Debug|Any CPU
		{192D6FAD-6A03-4A54-951B-B61B086FFF37}.Debug|x64.ActiveCfg = Debug|Any CPU
		{192D6FAD-6A03-4A54-951B-B61B086FFF37}.Debug|x86.ActiveCfg = Debug|Any CPU
		{192D6FAD-6A03-4A54-951B-B61B086FFF37}.Release|Any CPU.ActiveCfg = Release|Any CPU
		{192D6FAD-6A03-4A54-951B-B61B086FFF37}.Release|Any CPU.Build.0 = Release|Any CPU
		{192D6FAD-6A03-4A54-951B-B61B086FFF37}.Release|Mixed Platforms.ActiveCfg = Release|Any CPU
		{192D6FAD-6A03-4A54-951B-B61B086FFF37}.Release|Mixed Platforms.Build.0 = Release|Any CPU
		{192D6FAD-6A03-4A54-951B-B61B086FFF37}.Release|x64.ActiveCfg = Release|Any CPU
		{192D6FAD-6A03-4A54-951B-B61B086FFF37}.Release|x86.ActiveCfg = Release|Any CPU
		{46492860-FD20-494D-AA6F-7980E515CE85}.Debug|Any CPU.ActiveCfg = Debug|Any CPU
		{46492860-FD20-494D-AA6F-7980E515CE85}.Debug|Any CPU.Build.0 = Debug|Any CPU
		{46492860-FD20-494D-AA6F-7980E515CE85}.Debug|Mixed Platforms.ActiveCfg = Debug|Any CPU
		{46492860-FD20-494D-AA6F-7980E515CE85}.Debug|Mixed Platforms.Build.0 = Debug|Any CPU
		{46492860-FD20-494D-AA6F-7980E515CE85}.Debug|x64.ActiveCfg = Debug|Any CPU
		{46492860-FD20-494D-AA6F-7980E515CE85}.Debug|x86.ActiveCfg = Debug|Any CPU
		{46492860-FD20-494D-AA6F-7980E515CE85}.Release|Any CPU.ActiveCfg = Release|Any CPU
		{46492860-FD20-494D-AA6F-7980E515CE85}.Release|Any CPU.Build.0 = Release|Any CPU
		{46492860-FD20-494D-AA6F-7980E515CE85}.Release|Mixed Platforms.ActiveCfg = Release|Any CPU
		{46492860-FD20-494D-AA6F-7980E515CE85}.Release|Mixed Platforms.Build.0 = Release|Any CPU
		{46492860-FD20-494D-AA6F-7980E515CE85}.Release|x64.ActiveCfg = Release|Any CPU
		{46492860-FD20-494D-AA6F-7980E515CE85}.Release|x86.ActiveCfg = Release|Any CPU
		{09AEF7B7-116C-469B-9337-6339CFD14825}.Debug|Any CPU.ActiveCfg = Debug|Any CPU
		{09AEF7B7-116C-469B-9337-6339CFD14825}.Debug|Any CPU.Build.0 = Debug|Any CPU
		{09AEF7B7-116C-469B-9337-6339CFD14825}.Debug|Mixed Platforms.ActiveCfg = Debug|Any CPU
		{09AEF7B7-116C-469B-9337-6339CFD14825}.Debug|Mixed Platforms.Build.0 = Debug|Any CPU
		{09AEF7B7-116C-469B-9337-6339CFD14825}.Debug|x64.ActiveCfg = Debug|Any CPU
		{09AEF7B7-116C-469B-9337-6339CFD14825}.Debug|x86.ActiveCfg = Debug|Any CPU
		{09AEF7B7-116C-469B-9337-6339CFD14825}.Release|Any CPU.ActiveCfg = Release|Any CPU
		{09AEF7B7-116C-469B-9337-6339CFD14825}.Release|Any CPU.Build.0 = Release|Any CPU
		{09AEF7B7-116C-469B-9337-6339CFD14825}.Release|Mixed Platforms.ActiveCfg = Release|Any CPU
		{09AEF7B7-116C-469B-9337-6339CFD14825}.Release|Mixed Platforms.Build.0 = Release|Any CPU
		{09AEF7B7-116C-469B-9337-6339CFD14825}.Release|x64.ActiveCfg = Release|Any CPU
		{09AEF7B7-116C-469B-9337-6339CFD14825}.Release|x86.ActiveCfg = Release|Any CPU
	EndGlobalSection
	GlobalSection(SolutionProperties) = preSolution
		HideSolutionNode = FALSE
	EndGlobalSection
EndGlobal
